
Microsoft Visual Studio Solution File, Format Version 12.00
# Visual Studio Version 16
VisualStudioVersion = 16.0.31702.278
MinimumVisualStudioVersion = 10.0.40219.1
Project("{FAE04EC0-301F-11D3-BF4B-00C04F79EFBC}") = "Estaciones", "Estaciones\Estaciones.csproj", "{DAB625C4-1A45-4EEA-8427-1B0C9629C916}"
EndProject
Global
	GlobalSection(SolutionConfigurationPlatforms) = preSolution
		Debug|Any CPU = Debug|Any CPU
		Release|Any CPU = Release|Any CPU
	EndGlobalSection
	GlobalSection(ProjectConfigurationPlatforms) = postSolution
		{DAB625C4-1A45-4EEA-8427-1B0C9629C916}.Debug|Any CPU.ActiveCfg = Debug|Any CPU
		{DAB625C4-1A45-4EEA-8427-1B0C9629C916}.Debug|Any CPU.Build.0 = Debug|Any CPU
		{DAB625C4-1A45-4EEA-8427-1B0C9629C916}.Release|Any CPU.ActiveCfg = Release|Any CPU
		{DAB625C4-1A45-4EEA-8427-1B0C9629C916}.Release|Any CPU.Build.0 = Release|Any CPU
	EndGlobalSection
	GlobalSection(SolutionProperties) = preSolution
		HideSolutionNode = FALSE
	EndGlobalSection
	GlobalSection(ExtensibilityGlobals) = postSolution
		SolutionGuid = {1CB75533-3B8E-449A-A502-1BD50F3B8CBD}
	EndGlobalSection
EndGlobal
